
Microsoft Visual Studio Solution File, Format Version 12.00
# Visual Studio Version 17
VisualStudioVersion = 17.11.35327.3
MinimumVisualStudioVersion = 10.0.40219.1
Project("{9A19103F-16F7-4668-BE54-9A1E7A4F7556}") = "AlgoPaws", "AlgoPaws.csproj", "{2F3513ED-5446-4139-B04B-4F51EA577C8C}"
EndProject
Global
	GlobalSection(SolutionConfigurationPlatforms) = preSolution
		Debug|Any CPU = Debug|Any CPU
		Release|Any CPU = Release|Any CPU
	EndGlobalSection
	GlobalSection(ProjectConfigurationPlatforms) = postSolution
		{2F3513ED-5446-4139-B04B-4F51EA577C8C}.Debug|Any CPU.ActiveCfg = Debug|Any CPU
		{2F3513ED-5446-4139-B04B-4F51EA577C8C}.Debug|Any CPU.Build.0 = Debug|Any CPU
		{2F3513ED-5446-4139-B04B-4F51EA577C8C}.Release|Any CPU.ActiveCfg = Release|Any CPU
		{2F3513ED-5446-4139-B04B-4F51EA577C8C}.Release|Any CPU.Build.0 = Release|Any CPU
	EndGlobalSection
	GlobalSection(SolutionProperties) = preSolution
		HideSolutionNode = FALSE
	EndGlobalSection
	GlobalSection(ExtensibilityGlobals) = postSolution
		SolutionGuid = {7C5C6A79-C24A-4EB3-A907-EF508A219E82}
	EndGlobalSection
EndGlobal
